
Microsoft Visual Studio Solution File, Format Version 12.00
# Visual Studio Version 16
VisualStudioVersion = 16.0.30204.135
MinimumVisualStudioVersion = 10.0.40219.1
Project("{FAE04EC0-301F-11D3-BF4B-00C04F79EFBC}") = "3rewfdsfdsfds", "3rewfdsfdsfds.csproj", "{42EFE312-613A-4D52-915C-BB3E3A906A43}"
EndProject
Global
	GlobalSection(SolutionConfigurationPlatforms) = preSolution
		Debug|Any CPU = Debug|Any CPU
		Release|Any CPU = Release|Any CPU
	EndGlobalSection
	GlobalSection(ProjectConfigurationPlatforms) = postSolution
		{42EFE312-613A-4D52-915C-BB3E3A906A43}.Debug|Any CPU.ActiveCfg = Debug|Any CPU
		{42EFE312-613A-4D52-915C-BB3E3A906A43}.Debug|Any CPU.Build.0 = Debug|Any CPU
		{42EFE312-613A-4D52-915C-BB3E3A906A43}.Release|Any CPU.ActiveCfg = Release|Any CPU
		{42EFE312-613A-4D52-915C-BB3E3A906A43}.Release|Any CPU.Build.0 = Release|Any CPU
	EndGlobalSection
	GlobalSection(SolutionProperties) = preSolution
		HideSolutionNode = FALSE
	EndGlobalSection
	GlobalSection(ExtensibilityGlobals) = postSolution
		SolutionGuid = {4AF7514C-4CAE-4E55-9847-4438F24571B8}
	EndGlobalSection
EndGlobal
